{
  "name": "toolhub-social-studio",
  "version": "0.1.0",
  "lockfileVersion": 3,
  "requires": true,
  "packages": {
    "": {
      "name": "toolhub-social-studio",
      "version": "0.1.0",
      "dependencies": {
        "@next/swc-win32-x64-msvc": "15.5.2",
        "@prisma/client": "6.16.2",
        "html-to-image": "1.11.13",
        "lucide-react": "0.468.0",
        "next": "15.5.2",
        "qrcode.react": "4.2.0",
        "react": "19.1.1",
        "react-dom": "19.1.1",
        "zod": "3.25.76"
      },
      "devDependencies": {
        "@types/node": "22.18.3",
        "@types/react": "19.1.13",
        "@types/react-dom": "19.1.9",
        "autoprefixer": "10.4.21",
        "postcss": "8.5.6",
        "prisma": "6.16.2",
        "tailwindcss": "3.4.17",
        "typescript": "5.9.2"
      }
    },
    "node_modules/@alloc/quick-lru": {
      "version": "5.2.0",
      "dev": true,
      "license": "MIT",
      "engines": {
        "node": ">=10"
      },
      "funding": {
        "url": "https://github.com/sponsors/sindresorhus"
      }
    },
    "node_modules/@emnapi/runtime": {
      "version": "1.11.3",
      "resolved": "https://registry.npmjs.org/@emnapi/runtime/-/runtime-1.11.3.tgz",
      "integrity": "sha512-Xz4Tpyki7XyrpbUK1jR1AhdAdaXyhhY4lZ3neLodmhpuWfy2PAQN5B46sAiU4liOXGLkHypn/qU+jvfWSCYYLA==",
      "license": "MIT",
      "optional": true,
      "dependencies": {
        "tslib": "^2.4.0"
      }
    },
    "node_modules/@img/colour": {
      "version": "1.1.0",
      "license": "MIT",
      "optional": true,
      "engines": {
        "node": ">=18"
      }
    },
    "node_modules/@img/sharp-darwin-arm64": {
      "version": "0.34.5",
      "resolved": "https://registry.npmjs.org/@img/sharp-darwin-arm64/-/sharp-darwin-arm64-0.34.5.tgz",
      "integrity": "sha512-imtQ3WMJXbMY4fxb/Ndp6HBTNVtWCUI0WdobyheGf5+ad6xX8VIDO8u2xE4qc/fr08CKG/7dDseFtn6M6g/r3w==",
      "cpu": [
        "arm64"
      ],
      "license": "Apache-2.0",
      "optional": true,
      "os": [
        "darwin"
      ],
      "engines": {
        "node": "^18.17.0 || ^20.3.0 || >=21.0.0"
      },
      "funding": {
        "url": "https://opencollective.com/libvips"
      },
      "optionalDependencies": {
        "@img/sharp-libvips-darwin-arm64": "1.2.4"
      }
    },
    "node_modules/@img/sharp-darwin-x64": {
      "version": "0.34.5",
      "resolved": "https://registry.npmjs.org/@img/sharp-darwin-x64/-/sharp-darwin-x64-0.34.5.tgz",
      "integrity": "sha512-YNEFAF/4KQ/PeW0N+r+aVVsoIY0/qxxikF2SWdp+NRkmMB7y9LBZAVqQ4yhGCm/H3H270OSykqmQMKLBhBJDEw==",
      "cpu": [
        "x64"
      ],
      "license": "Apache-2.0",
      "optional": true,
      "os": [
        "darwin"
      ],
      "engines": {
        "node": "^18.17.0 || ^20.3.0 || >=21.0.0"
      },
      "funding": {
        "url": "https://opencollective.com/libvips"
      },
      "optionalDependencies": {
        "@img/sharp-libvips-darwin-x64": "1.2.4"
      }
    },
    "node_modules/@img/sharp-libvips-darwin-arm64": {
      "version": "1.2.4",
      "resolved": "https://registry.npmjs.org/@img/sharp-libvips-darwin-arm64/-/sharp-libvips-darwin-arm64-1.2.4.tgz",
      "integrity": "sha512-zqjjo7RatFfFoP0MkQ51jfuFZBnVE2pRiaydKJ1G/rHZvnsrHAOcQALIi9sA5co5xenQdTugCvtb1cuf78Vf4g==",
      "cpu": [
        "arm64"
      ],
      "license": "LGPL-3.0-or-later",
      "optional": true,
      "os": [
        "darwin"
      ],
      "funding": {
        "url": "https://opencollective.com/libvips"
      }
    },
    "node_modules/@img/sharp-libvips-darwin-x64": {
      "version": "1.2.4",
      "resolved": "https://registry.npmjs.org/@img/sharp-libvips-darwin-x64/-/sharp-libvips-darwin-x64-1.2.4.tgz",
      "integrity": "sha512-1IOd5xfVhlGwX+zXv2N93k0yMONvUlANylbJw1eTah8K/Jtpi15KC+WSiaX/nBmbm2HxRM1gZ0nSdjSsrZbGKg==",
      "cpu": [
        "x64"
      ],
      "license": "LGPL-3.0-or-later",
      "optional": true,
      "os": [
        "darwin"
      ],
      "funding": {
        "url": "https://opencollective.com/libvips"
      }
    },
    "node_modules/@img/sharp-libvips-linux-arm": {
      "version": "1.2.4",
      "resolved": "https://registry.npmjs.org/@img/sharp-libvips-linux-arm/-/sharp-libvips-linux-arm-1.2.4.tgz",
      "integrity": "sha512-bFI7xcKFELdiNCVov8e44Ia4u2byA+l3XtsAj+Q8tfCwO6BQ8iDojYdvoPMqsKDkuoOo+X6HZA0s0q11ANMQ8A==",
      "cpu": [
        "arm"
      ],
      "libc": [
        "glibc"
      ],
      "license": "LGPL-3.0-or-later",
      "optional": true,
      "os": [
        "linux"
      ],
      "funding": {
        "url": "https://opencollective.com/libvips"
      }
    },
    "node_modules/@img/sharp-libvips-linux-arm64": {
      "version": "1.2.4",
      "resolved": "https://registry.npmjs.org/@img/sharp-libvips-linux-arm64/-/sharp-libvips-linux-arm64-1.2.4.tgz",
      "integrity": "sha512-excjX8DfsIcJ10x1Kzr4RcWe1edC9PquDRRPx3YVCvQv+U5p7Yin2s32ftzikXojb1PIFc/9Mt28/y+iRklkrw==",
      "cpu": [
        "arm64"
      ],
      "libc": [
        "glibc"
      ],
      "license": "LGPL-3.0-or-later",
      "optional": true,
      "os": [
        "linux"
      ],
      "funding": {
        "url": "https://opencollective.com/libvips"
      }
    },
    "node_modules/@img/sharp-libvips-linux-ppc64": {
      "version": "1.2.4",
      "resolved": "https://registry.npmjs.org/@img/sharp-libvips-linux-ppc64/-/sharp-libvips-linux-ppc64-1.2.4.tgz",
      "integrity": "sha512-FMuvGijLDYG6lW+b/UvyilUWu5Ayu+3r2d1S8notiGCIyYU/76eig1UfMmkZ7vwgOrzKzlQbFSuQfgm7GYUPpA==",
      "cpu": [
        "ppc64"
      ],
      "libc": [
        "glibc"
      ],
      "license": "LGPL-3.0-or-later",
      "optional": true,
      "os": [
        "linux"
      ],
      "funding": {
        "url": "https://opencollective.com/libvips"
      }
    },
    "node_modules/@img/sharp-libvips-linux-riscv64": {
      "version": "1.2.4",
      "resolved": "https://registry.npmjs.org/@img/sharp-libvips-linux-riscv64/-/sharp-libvips-linux-riscv64-1.2.4.tgz",
      "integrity": "sha512-oVDbcR4zUC0ce82teubSm+x6ETixtKZBh/qbREIOcI3cULzDyb18Sr/Wcyx7NRQeQzOiHTNbZFF1UwPS2scyGA==",
      "cpu": [
        "riscv64"
      ],
      "libc": [
        "glibc"
      ],
      "license": "LGPL-3.0-or-later",
      "optional": true,
      "os": [
        "linux"
      ],
      "funding": {
        "url": "https://opencollective.com/libvips"
      }
    },
    "node_modules/@img/sharp-libvips-linux-s390x": {
      "version": "1.2.4",
      "resolved": "https://registry.npmjs.org/@img/sharp-libvips-linux-s390x/-/sharp-libvips-linux-s390x-1.2.4.tgz",
      "integrity": "sha512-qmp9VrzgPgMoGZyPvrQHqk02uyjA0/QrTO26Tqk6l4ZV0MPWIW6LTkqOIov+J1yEu7MbFQaDpwdwJKhbJvuRxQ==",
      "cpu": [
        "s390x"
      ],
      "libc": [
        "glibc"
      ],
      "license": "LGPL-3.0-or-later",
      "optional": true,
      "os": [
        "linux"
      ],
      "funding": {
        "url": "https://opencollective.com/libvips"
      }
    },
    "node_modules/@img/sharp-libvips-linux-x64": {
      "version": "1.2.4",
      "resolved": "https://registry.npmjs.org/@img/sharp-libvips-linux-x64/-/sharp-libvips-linux-x64-1.2.4.tgz",
      "integrity": "sha512-tJxiiLsmHc9Ax1bz3oaOYBURTXGIRDODBqhveVHonrHJ9/+k89qbLl0bcJns+e4t4rvaNBxaEZsFtSfAdquPrw==",
      "cpu": [
        "x64"
      ],
      "libc": [
        "glibc"
      ],
      "license": "LGPL-3.0-or-later",
      "optional": true,
      "os": [
        "linux"
      ],
      "funding": {
        "url": "https://opencollective.com/libvips"
      }
    },
    "node_modules/@img/sharp-libvips-linuxmusl-arm64": {
      "version": "1.2.4",
      "resolved": "https://registry.npmjs.org/@img/sharp-libvips-linuxmusl-arm64/-/sharp-libvips-linuxmusl-arm64-1.2.4.tgz",
      "integrity": "sha512-FVQHuwx1IIuNow9QAbYUzJ+En8KcVm9Lk5+uGUQJHaZmMECZmOlix9HnH7n1TRkXMS0pGxIJokIVB9SuqZGGXw==",
      "cpu": [
        "arm64"
      ],
      "libc": [
        "musl"
      ],
      "license": "LGPL-3.0-or-later",
      "optional": true,
      "os": [
        "linux"
      ],
      "funding": {
        "url": "https://opencollective.com/libvips"
      }
    },
    "node_modules/@img/sharp-libvips-linuxmusl-x64": {
      "version": "1.2.4",
      "resolved": "https://registry.npmjs.org/@img/sharp-libvips-linuxmusl-x64/-/sharp-libvips-linuxmusl-x64-1.2.4.tgz",
      "integrity": "sha512-+LpyBk7L44ZIXwz/VYfglaX/okxezESc6UxDSoyo2Ks6Jxc4Y7sGjpgU9s4PMgqgjj1gZCylTieNamqA1MF7Dg==",
      "cpu": [
        "x64"
      ],
      "libc": [
        "musl"
      ],
      "license": "LGPL-3.0-or-later",
      "optional": true,
      "os": [
        "linux"
      ],
      "funding": {
        "url": "https://opencollective.com/libvips"
      }
    },
    "node_modules/@img/sharp-linux-arm": {
      "version": "0.34.5",
      "resolved": "https://registry.npmjs.org/@img/sharp-linux-arm/-/sharp-linux-arm-0.34.5.tgz",
      "integrity": "sha512-9dLqsvwtg1uuXBGZKsxem9595+ujv0sJ6Vi8wcTANSFpwV/GONat5eCkzQo/1O6zRIkh0m/8+5BjrRr7jDUSZw==",
      "cpu": [
        "arm"
      ],
      "libc": [
        "glibc"
      ],
      "license": "Apache-2.0",
      "optional": true,
      "os": [
        "linux"
      ],
      "engines": {
        "node": "^18.17.0 || ^20.3.0 || >=21.0.0"
      },
      "funding": {
        "url": "https://opencollective.com/libvips"
      },
      "optionalDependencies": {
        "@img/sharp-libvips-linux-arm": "1.2.4"
      }
    },
    "node_modules/@img/sharp-linux-arm64": {
      "version": "0.34.5",
      "resolved": "https://registry.npmjs.org/@img/sharp-linux-arm64/-/sharp-linux-arm64-0.34.5.tgz",
      "integrity": "sha512-bKQzaJRY/bkPOXyKx5EVup7qkaojECG6NLYswgktOZjaXecSAeCWiZwwiFf3/Y+O1HrauiE3FVsGxFg8c24rZg==",
      "cpu": [
        "arm64"
      ],
      "libc": [
        "glibc"
      ],
      "license": "Apache-2.0",
      "optional": true,
      "os": [
        "linux"
      ],
      "engines": {
        "node": "^18.17.0 || ^20.3.0 || >=21.0.0"
      },
      "funding": {
        "url": "https://opencollective.com/libvips"
      },
      "optionalDependencies": {
        "@img/sharp-libvips-linux-arm64": "1.2.4"
      }
    },
    "node_modules/@img/sharp-linux-ppc64": {
      "version": "0.34.5",
      "resolved": "https://registry.npmjs.org/@img/sharp-linux-ppc64/-/sharp-linux-ppc64-0.34.5.tgz",
      "integrity": "sha512-7zznwNaqW6YtsfrGGDA6BRkISKAAE1Jo0QdpNYXNMHu2+0dTrPflTLNkpc8l7MUP5M16ZJcUvysVWWrMefZquA==",
      "cpu": [
        "ppc64"
      ],
      "libc": [
        "glibc"
      ],
      "license": "Apache-2.0",
      "optional": true,
      "os": [
        "linux"
      ],
      "engines": {
        "node": "^18.17.0 || ^20.3.0 || >=21.0.0"
      },
      "funding": {
        "url": "https://opencollective.com/libvips"
      },
      "optionalDependencies": {
        "@img/sharp-libvips-linux-ppc64": "1.2.4"
      }
    },
    "node_modules/@img/sharp-linux-riscv64": {
      "version": "0.34.5",
      "resolved": "https://registry.npmjs.org/@img/sharp-linux-riscv64/-/sharp-linux-riscv64-0.34.5.tgz",
      "integrity": "sha512-51gJuLPTKa7piYPaVs8GmByo7/U7/7TZOq+cnXJIHZKavIRHAP77e3N2HEl3dgiqdD/w0yUfiJnII77PuDDFdw==",
      "cpu": [
        "riscv64"
      ],
      "libc": [
        "glibc"
      ],
      "license": "Apache-2.0",
      "optional": true,
      "os": [
        "linux"
      ],
      "engines": {
        "node": "^18.17.0 || ^20.3.0 || >=21.0.0"
      },
      "funding": {
        "url": "https://opencollective.com/libvips"
      },
      "optionalDependencies": {
        "@img/sharp-libvips-linux-riscv64": "1.2.4"
      }
    },
    "node_modules/@img/sharp-linux-s390x": {
      "version": "0.34.5",
      "resolved": "https://registry.npmjs.org/@img/sharp-linux-s390x/-/sharp-linux-s390x-0.34.5.tgz",
      "integrity": "sha512-nQtCk0PdKfho3eC5MrbQoigJ2gd1CgddUMkabUj+rBevs8tZ2cULOx46E7oyX+04WGfABgIwmMC0VqieTiR4jg==",
      "cpu": [
        "s390x"
      ],
      "libc": [
        "glibc"
      ],
      "license": "Apache-2.0",
      "optional": true,
      "os": [
        "linux"
      ],
      "engines": {
        "node": "^18.17.0 || ^20.3.0 || >=21.0.0"
      },
      "funding": {
        "url": "https://opencollective.com/libvips"
      },
      "optionalDependencies": {
        "@img/sharp-libvips-linux-s390x": "1.2.4"
      }
    },
    "node_modules/@img/sharp-linux-x64": {
      "version": "0.34.5",
      "resolved": "https://registry.npmjs.org/@img/sharp-linux-x64/-/sharp-linux-x64-0.34.5.tgz",
      "integrity": "sha512-MEzd8HPKxVxVenwAa+JRPwEC7QFjoPWuS5NZnBt6B3pu7EG2Ge0id1oLHZpPJdn3OQK+BQDiw9zStiHBTJQQQQ==",
      "cpu": [
        "x64"
      ],
      "libc": [
        "glibc"
      ],
      "license": "Apache-2.0",
      "optional": true,
      "os": [
        "linux"
      ],
      "engines": {
        "node": "^18.17.0 || ^20.3.0 || >=21.0.0"
      },
      "funding": {
        "url": "https://opencollective.com/libvips"
      },
      "optionalDependencies": {
        "@img/sharp-libvips-linux-x64": "1.2.4"
      }
    },
    "node_modules/@img/sharp-linuxmusl-arm64": {
      "version": "0.34.5",
      "resolved": "https://registry.npmjs.org/@img/sharp-linuxmusl-arm64/-/sharp-linuxmusl-arm64-0.34.5.tgz",
      "integrity": "sha512-fprJR6GtRsMt6Kyfq44IsChVZeGN97gTD331weR1ex1c1rypDEABN6Tm2xa1wE6lYb5DdEnk03NZPqA7Id21yg==",
      "cpu": [
        "arm64"
      ],
      "libc": [
        "musl"
      ],
      "license": "Apache-2.0",
      "optional": true,
      "os": [
        "linux"
      ],
      "engines": {
        "node": "^18.17.0 || ^20.3.0 || >=21.0.0"
      },
      "funding": {
        "url": "https://opencollective.com/libvips"
      },
      "optionalDependencies": {
        "@img/sharp-libvips-linuxmusl-arm64": "1.2.4"
      }
    },
    "node_modules/@img/sharp-linuxmusl-x64": {
      "version": "0.34.5",
      "resolved": "https://registry.npmjs.org/@img/sharp-linuxmusl-x64/-/sharp-linuxmusl-x64-0.34.5.tgz",
      "integrity": "sha512-Jg8wNT1MUzIvhBFxViqrEhWDGzqymo3sV7z7ZsaWbZNDLXRJZoRGrjulp60YYtV4wfY8VIKcWidjojlLcWrd8Q==",
      "cpu": [
        "x64"
      ],
      "libc": [
        "musl"
      ],
      "license": "Apache-2.0",
      "optional": true,
      "os": [
        "linux"
      ],
      "engines": {
        "node": "^18.17.0 || ^20.3.0 || >=21.0.0"
      },
      "funding": {
        "url": "https://opencollective.com/libvips"
      },
      "optionalDependencies": {
        "@img/sharp-libvips-linuxmusl-x64": "1.2.4"
      }
    },
    "node_modules/@img/sharp-wasm32": {
      "version": "0.34.5",
      "resolved": "https://registry.npmjs.org/@img/sharp-wasm32/-/sharp-wasm32-0.34.5.tgz",
      "integrity": "sha512-OdWTEiVkY2PHwqkbBI8frFxQQFekHaSSkUIJkwzclWZe64O1X4UlUjqqqLaPbUpMOQk6FBu/HtlGXNblIs0huw==",
      "cpu": [
        "wasm32"
      ],
      "license": "Apache-2.0 AND LGPL-3.0-or-later AND MIT",
      "optional": true,
      "dependencies": {
        "@emnapi/runtime": "^1.7.0"
      },
      "engines×M9ÒÚ$z{-®éÜj×'G—R#¢&v—F‡V""À¢'W&Â#¢&‡GG3¢òöv—F‡V"æ6öÒ÷7öç6÷'2ö’ ¢Ð¢ÒÀ¢&Æ–6Vç6R#¢$Ô•B"À¢&FWVæFVæ6–W2#¢°¢&6ÖVÆ66RÖ772#¢%ã"ãã ¢ÒÀ¢&Væv–æW2#¢°¢&æöFR#¢%ã"ÇÂãBÇÂãÒb ¢ÒÀ¢'VW$FWVæFVæ6–W2#¢°¢'÷7F772#¢%ã‚ãBã# ¢Ð¢ÒÀ¢&æöFUöÖöGVÆW2÷÷7F772ÖæW7FVB#¢°¢'fW'6–öâ#¢#bã"ã"À¢&FWb#¢G'VRÀ¢&gVæF–ær#¢°¢°¢'G—R#¢&÷Væ6öÆÆV7F—fR"À¢'W&Â#¢&‡GG3¢òö÷Væ6öÆÆV7F—fRæ6öÒ÷÷7F772ò ¢ÒÀ¢°¢'G—R#¢&v—F‡V""À¢'W&Â#¢&‡GG3¢òöv—F‡V"æ6öÒ÷7öç6÷'2ö’ ¢Ð¢ÒÀ¢&Æ–6Vç6R#¢$Ô•B"À¢&FWVæFVæ6–W2#¢°¢'÷7F772×6VÆV7F÷"×'6W"#¢%ãbãã ¢ÒÀ¢&Væv–æW2#¢°¢&æöFR#¢#ãÓ"ã ¢ÒÀ¢'VW$FWVæFVæ6–W2#¢°¢'÷7F772#¢%ã‚ã"ãB ¢Ð¢ÒÀ¢&æöFUöÖöGVÆW2÷÷7F772×6VÆV7F÷"×'6W"#¢°¢'fW'6–öâ#¢#bããB"À¢&FWb#¢G'VRÀ¢&Æ–6Vç6R#¢$Ô•B"À¢&FWVæFVæ6–W2#¢°¢&776W62#¢%ã2ãã"À¢'WF–ÂÖFW&V6FR#¢%ããã" ¢ÒÀ¢&Væv–æW2#¢°¢&æöFR#¢#ãÓB ¢Ð¢ÒÀ¢&æöFUöÖöGVÆW2÷÷7F772×fÇVR×'6W"#¢°¢'fW'6–öâ#¢#Bã"ã"À¢&FWb#¢G'VRÀ¢&Æ–6Vç6R#¢$Ô•B ¢ÒÀ¢&æöFUöÖöGVÆW2÷&—6Ö#¢°¢'fW'6–öâ#¢#bãbã""À¢&FWd÷F–öæÂ#¢G'VRÀ¢&†4–ç7FÆÅ67&—B#¢G'VRÀ¢&Æ–6Vç6R#¢$6†RÓ"ã"À¢&FWVæFVæ6–W2#¢°¢$&—6Öö6öæf–r#¢#bãbã""À¢$&—6ÖöVæv–æW2#¢#bãbã" ¢ÒÀ¢&&–â#¢°¢'&—6Ö#¢&'V–ÆBö–æFW‚æ§2 ¢ÒÀ¢&Væv–æW2#¢°¢&æöFR#¢#ãÓ‚ã‚ ¢ÒÀ¢'VW$FWVæFVæ6–W2#¢°¢'G—W67&—B#¢#ãÓRãã ¢ÒÀ¢'VW$FWVæFVæ6–W4ÖWF#¢°¢'G—W67&—B#¢°¢&÷F–öæÂ#¢G'VP¢Ð¢Ð¢ÒÀ¢&æöFUöÖöGVÆW2÷W&R×&æB#¢°¢'fW'6–öâ#¢#bãã"À¢&FWd÷F–öæÂ#¢G'VRÀ¢&gVæF–ær#¢°¢°¢'G—R#¢&–æF—f–GVÂ"À¢'W&Â#¢&‡GG3¢òöv—F‡V"æ6öÒ÷7öç6÷'2öGV'§§¢ ¢ÒÀ¢°¢'G—R#¢&÷Væ6öÆÆV7F—fR"À¢'W&Â#¢&‡GG3¢òö÷Væ6öÆÆV7F—fRæ6öÒöf7BÖ6†V6² ¢Ð¢ÒÀ¢&Æ–6Vç6R#¢$Ô•B ¢ÒÀ¢&æöFUöÖöGVÆW2÷&6öFRç&V7B#¢°¢'fW'6–öâ#¢#Bã"ã"À¢&Æ–6Vç6R#¢$•42"À¢'VW$FWVæFVæ6–W2#¢°¢'&V7B#¢%ãbã‚ãÇÂãrããÇÂã‚ããÇÂã’ãã ¢Ð¢ÒÀ¢&æöFUöÖöGVÆW2÷VWVRÖÖ–7&÷F6²#¢°¢'fW'6–öâ#¢#ã"ã2"À¢&FWb#¢G'VRÀ¢&gVæF–ær#¢°¢°¢'G—R#¢&v—F‡V""À¢'W&Â#¢&‡GG3¢òöv—F‡V"æ6öÒ÷7öç6÷'2öfW&÷72 ¢ÒÀ¢°¢'G—R#¢'G&Vöâ"À¢'W&Â#¢&‡GG3¢ò÷wwrçG&Vöâæ6öÒöfW&÷72 ¢ÒÀ¢°¢'G—R#¢&6öç7VÇF–ær"À¢'W&Â#¢&‡GG3¢òöfW&÷72æ÷&r÷7W÷'B ¢Ð¢ÒÀ¢&Æ–6Vç6R#¢$Ô•B ¢ÒÀ¢&æöFUöÖöGVÆW2÷&3’#¢°¢'fW'6–öâ#¢#"ãã""À¢&FWd÷F–öæÂ#¢G'VRÀ¢&Æ–6Vç6R#¢$Ô•B"À¢&FWVæFVæ6–W2#¢°¢&FVgR#¢%ãbããB"À¢&FW7G"#¢%ã"ãã2 ¢Ð¢ÒÀ¢&æöFUöÖöGVÆW2÷&V7B#¢°¢'fW'6–öâ#¢#’ãã"À¢&Æ–6Vç6R#¢$Ô•B"À¢&Væv–æW2#¢°¢&æöFR#¢#ãÓãã ¢Ð¢ÒÀ¢&æöFUöÖöGVÆW2÷&V7BÖFöÒ#¢°¢'fW'6–öâ#¢#’ãã"À¢&Æ–6Vç6R#¢$Ô•B"À¢&FWVæFVæ6–W2#¢°¢'66†VGVÆW"#¢%ãã#bã ¢ÒÀ¢'VW$FWVæFVæ6–W2#¢°¢'&V7B#¢%ã’ãã ¢Ð¢ÒÀ¢&æöFUöÖöGVÆW2÷&VBÖ66†R#¢°¢'fW'6–öâ#¢#ãã"À¢&FWb#¢G'VRÀ¢&Æ–6Vç6R#¢$Ô•B"À¢&FWVæFVæ6–W2#¢°¢'–g’#¢%ã"ã2ã ¢Ð¢ÒÀ¢&æöFUöÖöGVÆW2÷&VFF—'#¢°¢'fW'6–öâ#¢#Bãã""À¢&FWd÷F–öæÂ#¢G'VRÀ¢&Æ–6Vç6R#¢$Ô•B"À¢&Væv–æW2#¢°¢&æöFR#¢#ãÒBã‚ã ¢ÒÀ¢&gVæF–ær#¢°¢'G—R#¢&–æF—f–GVÂ"À¢'W&Â#¢&‡GG3¢ò÷VÆÖ–ÆÇ"æ6öÒögVæF–ærò ¢Ð¢ÒÀ¢&æöFUöÖöGVÆW2÷&W6öÇfR#¢°¢'fW'6–öâ#¢#ã#"ã""À¢&FWb#¢G'VRÀ¢&Æ–6Vç6R#¢$Ô•B"À¢&FWVæFVæ6–W2#¢°¢&W2ÖW'&÷'2#¢%ãã2ã"À¢&—2Ö6÷&RÖÖöGVÆR#¢%ã"ãbã"À¢'F‚×'6R#¢%ãããr"À¢'7W÷'G2×&W6W'fR×7–ÖÆ–æ·2ÖfÆr#¢%ããã ¢ÒÀ¢&&–â#¢°¢'&W6öÇfR#¢&&–â÷&W6öÇfR ¢ÒÀ¢&Væv–æW2#¢°¢&æöFR#¢#ãÒãB ¢ÒÀ¢&gVæF–ær#¢°¢'W&Â#¢&‡GG3¢òöv—F‡V"æ6öÒ÷7öç6÷'2öÆ¦†&" ¢Ð¢ÒÀ¢&æöFUöÖöGVÆW2÷&WW6–g’#¢°¢'fW'6–öâ#¢#ãã"À¢&FWb#¢G'VRÀ¢&Æ–6Vç6R#¢$Ô•B"À¢&Væv–æW2#¢°¢&–ö§2#¢#ãÓãã"À¢&æöFR#¢#ãÓãã ¢Ð¢ÒÀ¢&æöFUöÖöGVÆW2÷'Vâ×&ÆÆVÂ#¢°¢'fW'6–öâ#¢#ã"ã"À¢&FWb#¢G'VRÀ¢&gVæF–ær#¢°¢°¢'G—R#¢&v—F‡V""À¢'W&Â#¢&‡GG3¢òöv—F‡V"æ6öÒ÷7öç6÷'2öfW&÷72 ¢ÒÀ¢°¢'G—R#¢'G&Vöâ"À¢'W&Â#¢&‡GG3¢ò÷wwrçG&Vöâæ6öÒöfW&÷72 ¢ÒÀ¢°¢'G—R#¢&6öç7VÇF–ær"À¢'W&Â#¢&‡GG3¢òöfW&÷72æ÷&r÷7W÷'B ¢Ð¢ÒÀ¢&Æ–6Vç6R#¢$Ô•B"À¢&FWVæFVæ6–W2#¢°¢'VWVRÖÖ–7&÷F6²#¢%ãã"ã" ¢Ð¢ÒÀ¢&æöFUöÖöGVÆW2÷66†VGVÆW"#¢°¢'fW'6–öâ#¢#ã#bã"À¢&Æ–6Vç6R#¢$Ô•B ¢ÒÀ¢&æöFUöÖöGVÆW2÷6V×fW"#¢°¢'fW'6–öâ#¢#rã‚ãR"À¢&Æ–6Vç6R#¢$•42"À¢&÷F–öæÂ#¢G'VRÀ¢&&–â#¢°¢'6V×fW"#¢&&–â÷6V×fW"æ§2 ¢ÒÀ¢&Væv–æW2#¢°¢&æöFR#¢#ãÓ ¢Ð¢ÒÀ¢&æöFUöÖöGVÆW2÷6†'#¢°¢'fW'6–öâ#¢#ã3BãR"À¢&†4–ç7FÆÅ67&—B#¢G'VRÀ¢&Æ–6Vç6R#¢$6†RÓ"ã"À¢&÷F–öæÂ#¢G'VRÀ¢&FWVæFVæ6–W2#¢°¢$–Örö6öÆ÷W"#¢%ããã"À¢&FWFV7BÖÆ–&2#¢%ã"ãã""À¢'6V×fW"#¢%ãrãrã2 ¢ÒÀ¢&Væv–æW2#¢°¢&æöFR#¢%ã‚ãrãÇÂã#ã2ãÇÂãÓ#ãã ¢ÒÀ¢&gVæF–ær#¢°¢'W&Â#¢&‡GG3¢òö÷Væ6öÆÆV7F—fRæ6öÒöÆ–'f—2 ¢ÒÀ¢&÷F–öæÄFWVæFVæ6–W2#¢°¢$–Ör÷6†'ÖF'v–âÖ&ÓcB#¢#ã3BãR"À¢$–Ör÷6†'ÖF'v–â×ƒcB#¢#ã3BãR"À¢$–Ör÷6†'ÖÆ–'f—2ÖF'v–âÖ&ÓcB#¢#ã"ãB"À¢$–Ör÷6†'ÖÆ–'f—2ÖF'v–â×ƒcB#¢#ã"ãB"À¢$–Ör÷6†'ÖÆ–'f—2ÖÆ–çW‚Ö&Ò#¢#ã"ãB"À¢$–Ör÷6†'ÖÆ–'f—2ÖÆ–çW‚Ö&ÓcB#¢#ã"ãB"À¢$–Ör÷6†'ÖÆ–'f—2ÖÆ–çW‚×3cB#¢#ã"ãB"À¢$–Ör÷6†'ÖÆ–'f—2ÖÆ–çW‚×&—67ccB#¢#ã"ãB"À¢$–Ör÷6†'ÖÆ–'f—2ÖÆ–çW‚×33“‚#¢#ã"ãB"À¢$–Ör÷6†'ÖÆ–'f—2ÖÆ–çW‚×ƒcB#¢#ã"ãB"À¢$–Ör÷6†'ÖÆ–'f—2ÖÆ–çW†×W6ÂÖ&ÓcB#¢#ã"ãB"À¢$–Ör÷6†'ÖÆ–'f—2ÖÆ–çW†×W6Â×ƒcB#¢#ã"ãB"À¢$–Ör÷6†'ÖÆ–çW‚Ö&Ò#¢#ã3BãR"À¢$–Ör÷6†'ÖÆ–çW‚Ö&ÓcB#¢#ã3BãR"À¢$–Ör÷6†'ÖÆ–çW‚×3cB#¢#ã3BãR"À¢$–Ör÷6†'ÖÆ–çW‚×&—67ccB#¢#ã3BãR"À¢$–Ör÷6†'ÖÆ–çW‚×33“‚#¢#ã3BãR"À¢$–Ör÷6†'ÖÆ–çW‚×ƒcB#¢#ã3BãR"À¢$–Ör÷6†'ÖÆ–çW†×W6ÂÖ&ÓcB#¢#ã3BãR"À¢$–Ör÷6†'ÖÆ–çW†×W6Â×ƒcB#¢#ã3BãR"À¢$–Ör÷6†'×v6Ó3"#¢#ã3BãR"À¢$–Ör÷6†'×v–ã3"Ö&ÓcB#¢#ã3BãR"À¢$–Ör÷6†'×v–ã3"Ö–3"#¢#ã3BãR"À¢$–Ör÷6†'×v–ã3"×ƒcB#¢#ã3BãR ¢Ð¢ÒÀ¢&æöFUöÖöGVÆW2÷6÷W&6RÖÖÖ§2#¢°¢'fW'6–öâ#¢#ã"ã"À¢&Æ–6Vç6R#¢$%4BÓ2Ô6ÆW6R"À¢&Væv–æW2#¢°¢&æöFR#¢#ãÓãã ¢Ð¢ÒÀ¢&æöFUöÖöGVÆW2÷7G–ÆVBÖ§7‚#¢°¢'fW'6–öâ#¢#Rããb"À¢&Æ–6Vç6R#¢$Ô•B"À¢&FWVæFVæ6–W2#¢°¢&6Æ–VçBÖöæÇ’#¢#ãã ¢ÒÀ¢&Væv–æW2#¢°¢&æöFR#¢#ãÒ"ãã ¢ÒÀ¢'VW$FWVæFVæ6–W2#¢°¢'&V7B#¢#ãÒbã‚ãÇÂrç‚ç‚ÇÂã‚ããÓÇÂã’ããÓ ¢ÒÀ¢'VW$FWVæFVæ6–W4ÖWF#¢°¢$&&VÂö6÷&R#¢°¢&÷F–öæÂ#¢G'VP¢ÒÀ¢&&&VÂ×ÇVv–âÖÖ7&÷2#¢°¢&÷F–öæÂ#¢G'VP¢Ð¢Ð¢ÒÀ¢&æöFUöÖöGVÆW2÷7V7&6R#¢°¢'fW'6–öâ#¢#2ã3Rã"À¢&FWb#¢G'VRÀ¢&Æ–6Vç6R#¢$Ô•B"À¢&FWVæFVæ6–W2#¢°¢$§&–FvWvVÆÂövVâÖÖ–ær#¢%ãã2ã""À¢&6öÖÖæFW"#¢%ãBãã"À¢&Æ–æW2ÖæBÖ6öÇVÖç2#¢%ãããb"À¢&×¢#¢%ã"ãrã"À¢'—&FW2#¢%ãBãã"À¢'F–ç–vÆö&'’#¢%ãã"ã"À¢'G2Ö–çFW&f6RÖ6†V6¶W"#¢%ããã’ ¢ÒÀ¢&&–â#¢°¢'7V7&6R#¢&&–â÷7V7&6R"À¢'7V7&6RÖæöFR#¢&&–â÷7V7&6RÖæöFR ¢ÒÀ¢&Væv–æW2#¢°¢&æöFR#¢#ãÓbÇÂBãÓBãr ¢Ð¢ÒÀ¢&æöFUöÖöGVÆW2÷7W÷'G2×&W6W'fR×7–ÖÆ–æ·2ÖfÆr#¢°¢'fW'6–öâ#¢#ãã"À¢&FWb#¢G'VRÀ¢&Æ–6Vç6R#¢$Ô•B"À¢&Væv–æW2#¢°¢&æöFR#¢#ãÒãB ¢ÒÀ¢&gVæF–ær#¢°¢'W&Â#¢&‡GG3¢òöv—F‡V"æ6öÒ÷7öç6÷'2öÆ¦†&" ¢Ð¢ÒÀ¢&æöFUöÖöGVÆW2÷F–Çv–æF772#¢°¢'fW'6–öâ#¢#2ãBãr"À¢&FWb#¢G'VRÀ¢&Æ–6Vç6R#¢$Ô•B"À¢&FWVæFVæ6–W2#¢°¢$ÆÆö2÷V–6²ÖÇ'R#¢%ãRã"ã"À¢&&r#¢%ãRãã""À¢&6†ö¶–F"#¢%ã2ãbã"À¢&F–G–÷VÖVâ#¢%ãã"ã""À¢&FÇb#¢%ããã2"À¢&f7BÖvÆö"#¢%ã2ã2ã""À¢&vÆö"×&VçB#¢%ãbãã""À¢&—2ÖvÆö"#¢%ãBãã2"À¢&¦—F’#¢%ãã#ãb"À¢&Æ–Æ6öæf–r#¢%ã2ãã2"À¢&Ö–7&öÖF6‚#¢%ãBãã‚"À¢&æ÷&ÖÆ—¦R×F‚#¢%ã2ãã"À¢&ö&¦V7BÖ†6‚#¢%ã2ãã"À¢'–6ö6öÆ÷'2#¢%ããã"À¢'÷7F772#¢%ã‚ãBãCr"À¢'÷7F772Ö–×÷'B#¢%ãRãã"À¢'÷7F772Ö§2#¢%ãBãã"À¢'÷7F772ÖÆöBÖ6öæf–r#¢%ãBãã""À¢'÷7F772ÖæW7FVB#¢%ãbã"ã"À¢'÷7F772×6VÆV7F÷"×'6W"#¢%ãbãã""À¢'&W6öÇfR#¢%ãã#"ã‚"À¢'7V7&6R#¢%ã2ã3Rã ¢ÒÀ¢&&–â#¢°¢'F–Çv–æB#¢&Æ–"ö6Æ’æ§2"À¢'F–Çv–æF772#¢&Æ–"ö6Æ’æ§2 ¢ÒÀ¢&Væv–æW2#¢°¢&æöFR#¢#ãÓBãã ¢Ð¢ÒÀ¢&æöFUöÖöGVÆW2÷F–Çv–æF772öæöFUöÖöGVÆW2ö6†ö¶–F"#¢°¢'fW'6–öâ#¢#2ãbã"À¢&FWb#¢G'VRÀ¢&Æ–6Vç6R#¢$Ô•B"À¢&FWVæFVæ6–W2#¢°¢&ç–ÖF6‚#¢'ã2ãã""À¢&'&6W2#¢'ã2ãã""À¢&vÆö"×&VçB#¢'ãRãã""À¢&—2Ö&–æ'’×F‚#¢'ã"ãã"À¢&—2ÖvÆö"#¢'ãBãã"À¢&æ÷&ÖÆ—¦R×F‚#¢'ã2ãã"À¢'&VFF—'#¢'ã2ãbã ¢ÒÀ¢&Væv–æW2#¢°¢&æöFR#¢#ãÒ‚ãã ¢ÒÀ¢&gVæF–ær#¢°¢'W&Â#¢&‡GG3¢ò÷VÆÖ–ÆÇ"æ6öÒögVæF–ærò ¢ÒÀ¢&÷F–öæÄFWVæFVæ6–W2#¢°¢&g6WfVçG2#¢'ã"ã2ã" ¢Ð¢ÒÀ¢&æöFUöÖöGVÆW2÷F–Çv–æF772öæöFUöÖöGVÆW2ö6†ö¶–F"öæöFUöÖöGVÆW2övÆö"×&VçB#¢°¢'fW'6–öâ#¢#Rãã""À¢&FWb#¢G'VRÀ¢&Æ–6Vç6R#¢$•42"À¢&FWVæFVæ6–W2#¢°¢&—2ÖvÆö"#¢%ãBãã ¢ÒÀ¢&Væv–æW2#¢°¢&æöFR#¢#ãÒb ¢Ð¢ÒÀ¢&æöFUöÖöGVÆW2÷F–Çv–æF772öæöFUöÖöGVÆW2ö¦—F’#¢°¢'fW'6–öâ#¢#ã#ãr"À¢&FWb#¢G'VRÀ¢&Æ–6Vç6R#¢$Ô•B"À¢&&–â#¢°¢&¦—F’#¢&&–âö¦—F’æ§2 ¢Ð¢ÒÀ¢&æöFUöÖöGVÆW2÷F–Çv–æF772öæöFUöÖöGVÆW2÷÷7F772ÖÆöBÖ6öæf–r#¢°¢'fW'6–öâ#¢#Bãã""À¢&FWb#¢G'VRÀ¢&gVæF–ær#¢°¢°¢'G—R#¢&÷Væ6öÆÆV7F—fR"À¢'W&Â#¢&‡GG3¢òö÷Væ6öÆÆV7F—fRæ6öÒ÷÷7F772ò ¢ÒÀ¢°¢'G—R#¢&v—F‡V""À¢'W&Â#¢&‡GG3¢òöv—F‡V"æ6öÒ÷7öç6÷'2ö’ ¢Ð¢ÒÀ¢&Æ–6Vç6R#¢$Ô•B"À¢&FWVæFVæ6–W2#¢°¢&Æ–Æ6öæf–r#¢%ã2ãã"À¢'–ÖÂ#¢%ã"ã2ãB ¢ÒÀ¢&Væv–æW2#¢°¢&æöFR#¢#ãÒB ¢ÒÀ¢'VW$FWVæFVæ6–W2#¢°¢'÷7F772#¢#ãÓ‚ãã’"À¢'G2ÖæöFR#¢#ãÓ’ãã ¢ÒÀ¢'VW$FWVæFVæ6–W4ÖWF#¢°¢'÷7F772#¢°¢&÷F–öæÂ#¢G'VP¢ÒÀ¢'G2ÖæöFR#¢°¢&÷F–öæÂ#¢G'VP¢Ð¢Ð¢ÒÀ¢&æöFUöÖöGVÆW2÷F–Çv–æF772öæöFUöÖöGVÆW2÷&VFF—'#¢°¢'fW'6–öâ#¢#2ãbã"À¢&FWb#¢G'VRÀ¢&Æ–6Vç6R#¢$Ô•B"À¢&FWVæFVæ6–W2#¢°¢'–6öÖF6‚#¢%ã"ã"ã ¢ÒÀ¢&Væv–æW2#¢°¢&æöFR#¢#ãÓ‚ãã ¢Ð¢ÒÀ¢&æöFUöÖöGVÆW2÷F†Væ–g’#¢°¢'fW'6–öâ#¢#2ã2ã"À¢&FWb#¢G'VRÀ¢&Æ–6Vç6R#¢$Ô•B"À¢&FWVæFVæ6–W2#¢°¢&ç’×&öÖ—6R#¢%ããã ¢Ð¢ÒÀ¢&æöFUöÖöGVÆW2÷F†Væ–g’ÖÆÂ#¢°¢'fW'6–öâ#¢#ãbã"À¢&FWb#¢G'VRÀ¢&Æ–6Vç6R#¢$Ô•B"À¢&FWVæFVæ6–W2#¢°¢'F†Væ–g’#¢#ãÒ2ããÂB ¢ÒÀ¢&Væv–æW2#¢°¢&æöFR#¢#ãÓã‚ ¢Ð¢ÒÀ¢&æöFUöÖöGVÆW2÷F–ç–W†V2#¢°¢'fW'6–öâ#¢#ã2ã"À¢&FWd÷F–öæÂ#¢G'VRÀ¢&Æ–6Vç6R#¢$Ô•B"À¢&Væv–æW2#¢°¢&æöFR#¢#ãÓ‚ ¢Ð¢ÒÀ¢&æöFUöÖöGVÆW2÷F–ç–vÆö&'’#¢°¢'fW'6–öâ#¢#ã"ãr"À¢&FWb#¢G'VRÀ¢&Æ–6Vç6R#¢$Ô•B"À¢&FWVæFVæ6–W2#¢°¢&fF—"#¢%ãbãRã"À¢'–6öÖF6‚#¢%ãBããB ¢ÒÀ¢&Væv–æW2#¢°¢&æöFR#¢#ãÓ"ãã ¢ÒÀ¢&gVæF–ær#¢°¢'W&Â#¢&‡GG3¢òöv—F‡V"æ6öÒ÷7öç6÷'2õ7WW&6‡WTFWb ¢Ð¢ÒÀ¢&æöFUöÖöGVÆW2÷F–ç–vÆö&'’öæöFUöÖöGVÆW2öfF—"#¢°¢'fW'6–öâ#¢#bãRã"À¢&FWb#¢G'VRÀ¢&Æ–6Vç6R#¢$Ô•B"À¢&Væv–æW2#¢°¢&æöFR#¢#ãÓ"ãã ¢ÒÀ¢'VW$FWVæFVæ6–W2#¢°¢'–6öÖF6‚#¢%ã2ÇÂãB ¢ÒÀ¢'VW$FWVæFVæ6–W4ÖWF#¢°¢'–6öÖF6‚#¢°¢&÷F–öæÂ#¢G'VP¢Ð¢Ð¢ÒÀ¢&æöFUöÖöGVÆW2÷F–ç–vÆö&'’öæöFUöÖöGVÆW2÷–6öÖF6‚#¢°¢'fW'6–öâ#¢#BããR"À¢&FWb#¢G'VRÀ¢&Æ–6Vç6R#¢$Ô•B"À¢&Væv–æW2#¢°¢&æöFR#¢#ãÓ" ¢ÒÀ¢&gVæF–ær#¢°¢'W&Â#¢&‡GG3¢òöv—F‡V"æ6öÒ÷7öç6÷'2ö¦öç66†Æ–æ¶W'B ¢Ð¢ÒÀ¢&æöFUöÖöGVÆW2÷Fò×&VvW‚×&ævR#¢°¢'fW'6–öâ#¢#Rãã"À¢&FWb#¢G'VRÀ¢&Æ–6Vç6R#¢$Ô•B"À¢&FWVæFVæ6–W2#¢°¢&—2ÖçVÖ&W"#¢%ãrãã ¢ÒÀ¢&Væv–æW2#¢°¢&æöFR#¢#ãÓ‚ã ¢Ð¢ÒÀ¢&æöFUöÖöGVÆW2÷G2Ö–çFW&f6RÖ6†V6¶W"#¢°¢'fW'6–öâ#¢#ãã2"À¢&FWb#¢G'VRÀ¢&Æ–6Vç6R#¢$6†RÓ"ã ¢ÒÀ¢&æöFUöÖöGVÆW2÷G6Æ–"#¢°¢'fW'6–öâ#¢#"ã‚ã"À¢&Æ–6Vç6R#¢#%4B ¢ÒÀ¢&æöFUöÖöGVÆW2÷G—W67&—B#¢°¢'fW'6–öâ#¢#Rã’ã""À¢&FWd÷F–öæÂ#¢G'VRÀ¢&Æ–6Vç6R#¢$6†RÓ"ã"À¢&&–â#¢°¢'G62#¢&&–â÷G62"À¢'G76W'fW"#¢&&–â÷G76W'fW" ¢ÒÀ¢&Væv–æW2#¢°¢&æöFR#¢#ãÓBãr ¢Ð¢ÒÀ¢&æöFUöÖöGVÆW2÷VæF–6’×G—W2#¢°¢'fW'6–öâ#¢#bã#ã"À¢&FWb#¢G'VRÀ¢&Æ–6Vç6R#¢$Ô•B ¢ÒÀ¢&æöFUöÖöGVÆW2÷WFFRÖ'&÷w6W'6Æ—7BÖF"#¢°¢'fW'6–öâ#¢#ã2ã"À¢&FWb#¢G'VRÀ¢&gVæF–ær#¢°¢°¢'G—R#¢&÷Væ6öÆÆV7F—fR"À¢'W&Â#¢&‡GG3¢òö÷Væ6öÆÆV7F—fRæ6öÒö'&÷w6W'6Æ—7B ¢ÒÀ¢°¢'G—R#¢'F–FVÆ–gB"À¢'W&Â#¢&‡GG3¢ò÷F–FVÆ–gBæ6öÒögVæF–æröv—F‡V"öçÒö'&÷w6W'6Æ—7B ¢ÒÀ¢°¢'G—R#¢&v—F‡V""À¢'W&Â#¢&‡GG3¢òöv—F‡V"æ6öÒ÷7öç6÷'2ö’ ¢Ð¢ÒÀ¢&Æ–6Vç6R#¢$Ô•B"À¢&FWVæFVæ6–W2#¢°¢&W66ÆFR#¢%ã2ã"ã"À¢'–6ö6öÆ÷'2#¢%ããã ¢ÒÀ¢&&–â#¢°¢'WFFRÖ'&÷w6W'6Æ—7BÖF"#¢&6Æ’æ§2 ¢ÒÀ¢'VW$FWVæFVæ6–W2#¢°¢&'&÷w6W'6Æ—7B#¢#ãÒBã#ã ¢Ð¢ÒÀ¢&æöFUöÖöGVÆW2÷WF–ÂÖFW&V6FR#¢°¢'fW'6–öâ#¢#ãã""À¢&FWb#¢G'VRÀ¢&Æ–6Vç6R#¢$Ô•B ¢ÒÀ¢&æöFUöÖöGVÆW2÷–ÖÂ#¢°¢'fW'6–öâ#¢#"ã’ã"À¢&FWb#¢G'VRÀ¢&Æ–6Vç6R#¢$•42"À¢&&–â#¢°¢'–ÖÂ#¢&&–âæÖ§2 ¢ÒÀ¢&Væv–æW2#¢°¢&æöFR#¢#ãÒBãb ¢ÒÀ¢&gVæF–ær#¢°¢'W&Â#¢&‡GG3¢òöv—F‡V"æ6öÒ÷7öç6÷'2öVVÖVÆ’ ¢Ð¢ÒÀ¢&æöFUöÖöGVÆW2÷¦öB#¢°¢'fW'6–öâ#¢#2ã#Rãsb"À¢&Æ–6Vç6R#¢$Ô•B"À¢&gVæF–ær#¢°¢'W&Â#¢&‡GG3¢òöv—F‡V"æ6öÒ÷7öç6÷'2ö6öÆ–æ†6·2 ¢Ð¢Ð¢Ð§Ð